
Microsoft Visual Studio Solution File, Format Version 12.00
# Visual Studio 15
VisualStudioVersion = 15.0.27428.2002
MinimumVisualStudioVersion = 10.0.40219.1
Project("{FAE04EC0-301F-11D3-BF4B-00C04F79EFBC}") = "AzDecimalConverter", "AzDecimalConverter\AzDecimalConverter.csproj", "{B418B78D-AEFF-4A01-BDFD-5BC584C15506}"
EndProject
Global
	GlobalSection(SolutionConfigurationPlatforms) = preSolution
		Debug|Any CPU = Debug|Any CPU
		Release|Any CPU = Release|Any CPU
	EndGlobalSection
	GlobalSection(ProjectConfigurationPlatforms) = postSolution
		{B418B78D-AEFF-4A01-BDFD-5BC584C15506}.Debug|Any CPU.ActiveCfg = Debug|Any CPU
		{B418B78D-AEFF-4A01-BDFD-5BC584C15506}.Debug|Any CPU.Build.0 = Debug|Any CPU
		{B418B78D-AEFF-4A01-BDFD-5BC584C15506}.Release|Any CPU.ActiveCfg = Release|Any CPU
		{B418B78D-AEFF-4A01-BDFD-5BC584C15506}.Release|Any CPU.Build.0 = Release|Any CPU
	EndGlobalSection
	GlobalSection(SolutionProperties) = preSolution
		HideSolutionNode = FALSE
	EndGlobalSection
	GlobalSection(ExtensibilityGlobals) = postSolution
		SolutionGuid = {567DF1E3-50EF-478B-87B1-0B824387FBE6}
	EndGlobalSection
EndGlobal
